{
  "originHash" : "8a7dbb2859ccc1ed284965c7498d3668353f9850f11139f1fbf6e4ff1fbb16fd",
  "pins" : [
    {
      "identity" : "client-sdk-swift",
      "kind" : "remoteSourceControl",
      "location" : "https://github.com/livekit/client-sdk-swift.git",
      "state" : {
        "revision" : "f07831a7f06bca9e2fc2e136db591b7b42f16d8d",
        "version" : "2.17.0"
      }
    },
    {
      "identity" : "elevenlabs-swift-sdk",
      "kind" : "remoteSourceControl",
      "location" : "https://github.com/elevenlabs/elevenlabs-swift-sdk.git",
      "state" : {
        "revision" : "24e2c3c9ab80f4571d4d77ce71c1781094115dbb",
        "version" : "3.4.0"
      }
    },
    {
      "identity" : "livekit-uniffi-xcframework",
      "kind" : "remoteSourceControl",
      "location" : "https://github.com/livekit/livekit-uniffi-xcframework.git",
      "state" : {
        "revision" : "7a9bf91b1601d5c408ae0cac7dc2047b5a4f615e",
        "version" : "0.1.9"
      }
    },
    {
      "identity" : "meta-wearables-dat-ios",
      "kind" : "remoteSourceControl",
      "location" : "https://github.com/facebook/meta-wearables-dat-ios",
      "state" : {
        "revision" : "c40db3978a76b97504b85ed9f082be5549c5a486",
        "version" : "0.7.0"
      }
    },
    {
      "identity" : "webrtc-xcframework",
      "kind" : "remoteSourceControl",
      "location" : "https://github.com/livekit/webrtc-xcframework.git",
      "state" : {
        "revision" : "c73deceaddd9c07293871ae28f24d4326cc86d62",
        "version" : "150.7871.2"
      }
    }
  ],
  "version" : 3
}
